{
  "nodes": {
    "flake-utils": {
      "locked": {
        "lastModified": 1609935452,
        "narHash": "sha256-McwA/tAnnS8LaAdEoONBsdKFHuOpHMxKqpMCU1wL7H4=",
        "owner": "numtide",
        "repo": "flake-utils",
        "rev": "8088c6dbe86a7e6e6396c83e43020e8a1edb08d5",
        "type": "github"
      },
      "original": {
        "owner": "numtide",
        "repo": "flake-utils",
        "type": "github"
      }
    },
    "nixpkgs": {
      "locked": {
        "lastModified": 1609867866,
        "narHash": "sha256-ITciATW51g/VqL4CTCh74Cu/wqIztkoJNZJxqj2vEMs=",
        "owner": "NixOS",
        "repo": "nixpkgs",
        "rev": "4a75ca4a4e7d14e7b0b0230b3ea57b5bd7c16218",
        "type": "github"
      },
      "original": {
        "owner": "NixOS",
        "ref": "nixos-20.09",
        "repo": "nixpkgs",
        "type": "github"
      }
    },
    "root": {
      "inputs": {
        "flake-utils": "flake-utils",
        "nixpkgs": "nixpkgs"
      }
    }
  },
  "root": "root",
  "version": 7
}
